// !$*UTF8*$!
{
	archiveVersion = 1;
	classes = {
	};
	objectVersion = 55;
	objects = {

/* Begin PBXBuildFile section */
		6357FD18288D3AE100F1E0AD /* NameChangeViewController.swift in Sources */ = {isa = PBXBuildFile; fileRef = 6357FD17288D3AE100F1E0AD /* NameChangeViewController.swift */; };
		6357FD1A288D752700F1E0AD /* UIViewController+Extension.swift in Sources */ = {isa = PBXBuildFile; fileRef = 6357FD19288D752700F1E0AD /* UIViewController+Extension.swift */; };
		63641AAF288A7B1500E995F1 /* AppDelegate.swift in Sources */ = {isa = PBXBuildFile; fileRef = 63641AAE288A7B1500E995F1 /* AppDelegate.swift */; };
		63641AB1288A7B1500E995F1 /* SceneDelegate.swift in Sources */ = {isa = PBXBuildFile; fileRef = 63641AB0288A7B1500E995F1 /* SceneDelegate.swift */; };
		63641AB3288A7B1500E995F1 /* ViewController.swift in Sources */ = {isa = PBXBuildFile; fileRef = 63641AB2288A7B1500E995F1 /* ViewController.swift */; };
		63641AB6288A7B1500E995F1 /* Main.storyboard in Resources */ = {isa = PBXBuildFile; fileRef = 63641AB4288A7B1500E995F1 /* Main.storyboard */; };
		63641AB8288A7B1700E995F1 /* Assets.xcassets in Resources */ = {isa = PBXBuildFile; fileRef = 63641AB7288A7B1700E995F1 /* Assets.xcassets */; };
		63641ABB288A7B1700E995F1 /* LaunchScreen.storyboard in Resources */ = {isa = PBXBuildFile; fileRef = 63641AB9288A7B1700E995F1 /* LaunchScreen.storyboard */; };
		63641AC3288A856900E995F1 /* Select.storyboard in Resources */ = {isa = PBXBuildFile; fileRef = 63641AC2288A856900E995F1 /* Select.storyboard */; };
		63641AC6288A858200E995F1 /* PopUp.storyboard in Resources */ = {isa = PBXBuildFile; fileRef = 63641AC5288A858200E995F1 /* PopUp.storyboard */; };
		63641AC9288A85BA00E995F1 /* SelectCollectionViewController.swift in Sources */ = {isa = PBXBuildFile; fileRef = 63641AC8288A85BA00E995F1 /* SelectCollectionViewController.swift */; };
		63641ACB288A85C500E995F1 /* SelectCollectionViewCell.swift in Sources */ = {isa = PBXBuildFile; fileRef = 63641ACA288A85C500E995F1 /* SelectCollectionViewCell.swift */; };
		63641ACD288A85DA00E995F1 /* PopUpViewController.swift in Sources */ = {isa = PBXBuildFile; fileRef = 63641ACC288A85DA00E995F1 /* PopUpViewController.swift */; };
		63641ACF288A861200E995F1 /* Setting.storyboard in Resources */ = {isa = PBXBuildFile; fileRef = 63641ACE288A861200E995F1 /* Setting.storyboard */; };
		63641AD2288A862C00E995F1 /* SettingTableViewController.swift in Sources */ = {isa = PBXBuildFile; fileRef = 63641AD1288A862C00E995F1 /* SettingTableViewController.swift */; };
		63641AD4288A863900E995F1 /* SettingTableViewCell.swift in Sources */ = {isa = PBXBuildFile; fileRef = 63641AD3288A863900E995F1 /* SettingTableViewCell.swift */; };
		63641ADA288AA5FE00E995F1 /* SelectChange.swift in Sources */ = {isa = PBXBuildFile; fileRef = 63641AD9288AA5FE00E995F1 /* SelectChange.swift */; };
		63641ADC288AA64000E995F1 /* SelectChangeInfo.swift in Sources */ = {isa = PBXBuildFile; fileRef = 63641ADB288AA64000E995F1 /* SelectChangeInfo.swift */; };
		63641ADF288ABBC800E995F1 /* UIButton+Extension.swift in Sources */ = {isa = PBXBuildFile; fileRef = 63641ADE288ABBC800E995F1 /* UIButton+Extension.swift */; };
		63641AE1288ABBDE00E995F1 /* UILabel+Extension.swift in Sources */ = {isa = PBXBuildFile; fileRef = 63641AE0288ABBDD00E995F1 /* UILabel+Extension.swift */; };
		63641AE3288ABC6600E995F1 /* UIView+Extension.swift in Sources */ = {isa = PBXBuildFile; fileRef = 63641AE2288ABC6600E995F1 /* UIView+Extension.swift */; };
		63D1B47B288BAF4600E19915 /* Story.swift in Sources */ = {isa = PBXBuildFile; fileRef = 63D1B47A288BAF4600E19915 /* Story.swift */; };
		63D1B47F288BD58100E19915 /* UITextField+Extension.swift in Sources */ = {isa = PBXBuildFile; fileRef = 63D1B47E288BD58100E19915 /* UITextField+Extension.swift */; };
		63E573A6288AF2E100EB1905 /* Toast in Frameworks */ = {isa = PBXBuildFile; productRef = 63E573A5288AF2E100EB1905 /* Toast */; };
/* End PBXBuildFile section */

/* Begin PBXFileReference section */
		6357FD17288D3AE100F1E0AD /* NameChangeViewController.swift */ = {isa = PBXFileReference; lastKnownFileType = sourcecode.swift; path = NameChangeViewController.swift; sourceTree = "<group>"; };
		6357FD19288D752700F1E0AD /* UIViewController+Extension.swift */ = {isa = PBXFileReference; lastKnownFileType = sourcecode.swift; path = "UIViewController+Extension.swift"; sourceTree = "<group>"; };
		63641AAB288A7B1500E995F1 /* Tamagotchi.app */ = {isa = PBXFileReference; explicitFileType = wrapper.application; includeInIndex = 0; path = Tamagotchi.app; sourceTree = BUILT_PRODUCTS_DIR; };
		63641AAE288A7B1500E995F1 /* AppDelegate.swift */ = {isa = PBXFileReference; lastKnownFileType = sourcecode.swift; path = AppDelegate.swift; sourceTree = "<group>"; };
		63641AB0288A7B1500E995F1 /* SceneDelegate.swift */ = {isa = PBXFileReference; lastKnownFileType = sourcecode.swift; path = SceneDelegate.swift; sourceTree = "<group>"; };
		63641AB2288A7B1500E995F1 /* ViewController.swift */ = {isa = PBXFileReference; lastKnownFileType = sourcecode.swift; path = ViewController.swift; sourceTree = "<group>"; };
		63641AB5288A7B1500E995F1 /* Base */ = {isa = PBXFileReference; lastKnownFileType = file.storyboard; name = Base; path = Base.lproj/Main.storyboard; sourceTree = "<group>"; };
		63641AB7288A7B1700E995F1 /* Assets.xcassets */ = {isa = PBXFileReference; lastKnownFileType = folder.assetcatalog; path = Assets.xcassets; sourceTree = "<group>"; };
		63641ABA288A7B1700E995F1 /* Base */ = {isa = PBXFileReference; lastKnownFileType = file.storyboard; name = Base; path = Base.lproj/LaunchScreen.storyboard; sourceTree = "<group>"; };
		63641ABC288A7B1700E995F1 /* Info.plist */ = {isa = PBXFileReference; lastKnownFileType = text.plist.xml; path = Info.plist; sourceTree = "<group>"; };
		63641AC2288A856900E995F1 /* Select.storyboard */ = {isa = PBXFileReference; lastKnownFileType = file.storyboard; path = Select.storyboard; sourceTree = "<group>"; };
		63641AC5288A858200E995F1 /* PopUp.storyboard */ = {isa = PBXFileReference; lastKnownFileType = file.storyboard; path = PopUp.storyboard; sourceTree = "<group>"; };
		63641AC8288A85BA00E995F1 /* SelectCollectionViewController.swift */ = {isa = PBXFileReference; lastKnownFileType = sourcecode.swift; path = SelectCollectionViewController.swift; sourceTree = "<group>"; };
		63641ACA288A85C500E995F1 /* SelectCollectionViewCell.swift */ = {isa = PBXFileReference; lastKnownFileType = sourcecode.swift; path = SelectCollectionViewCell.swift; sourceTree = "<group>"; };
		63641ACC288A85DA00E995F1 /* PopUpViewController.swift */ = {isa = PBXFileReference; lastKnownFileType = sourcecode.swift; path = PopUpViewController.swift; sourceTree = "<group>"; };
		63641ACE288A861200E995F1 /* Setting.storyboard */ = {isa = PBXFileReference; lastKnownFileType = file.storyboard; path = Setting.storyboard; sourceTree = "<group>"; };
		63641AD1288A862C00E995F1 /* SettingTableViewController.swift */ = {isa = PBXFileReference; lastKnownFileType = sourcecode.swift; path = SettingTableViewController.swift; sourceTree = "<group>"; };
		63641AD3288A863900E995F1 /* SettingTableViewCell.swift */ = {isa = PBXFileReference; lastKnownFileType = sourcecode.swift; path = SettingTableViewCell.swift; sourceTree = "<group>"; };
		63641AD9288AA5FE00E995F1 /* SelectChange.swift */ = {isa = PBXFileReference; lastKnownFileType = sourcecode.swift; path = SelectChange.swift; sourceTree = "<group>"; };
		63641ADB288AA64000E995F1 /* SelectChangeInfo.swift */ = {isa = PBXFileReference; lastKnownFileType = sourcecode.swift; path = SelectChangeInfo.swift; sourceTree = "<group>"; };
		63641ADE288ABBC800E995F1 /* UIButton+Extension.swift */ = {isa = PBXFileReference; lastKnownFileType = sourcecode.swift; path = "UIButton+Extension.swift"; sourceTree = "<group>"; };
		63641AE0288ABBDD00E995F1 /* UILabel+Extension.swift */ = {isa = PBXFileReference; lastKnownFileType = sourcecode.swift; path = "UILabel+Extension.swift"; sourceTree = "<group>"; };
		63641AE2288ABC6600E995F1 /* UIView+Extension.swift */ = {isa = PBXFileReference; lastKnownFileType = sourcecode.swift; path = "UIView+Extension.swift"; sourceTree = "<group>"; };
		63D1B47A288BAF4600E19915 /* Story.swift */ = {isa = PBXFileReference; lastKnownFileType = sourcecode.swift; path = Story.swift; sourceTree = "<group>"; };
		63D1B47E288BD58100E19915 /* UITextField+Extension.swift */ = {isa = PBXFileReference; lastKnownFileType = sourcecode.swift; path = "UITextField+Extension.swift"; sourceTree = "<group>"; };
/* End PBXFileReference section */

/* Begin PBXFrameworksBuildPhase section */
		63641AA8288A7B1500E995F1 /* Frameworks */ = {
			isa = PBXFrameworksBuildPhase;
			buildActionMask = 2147483647;
			files = (
				63E573A6288AF2E100EB1905 /* Toast in Frameworks */,
			);
			runOnlyForDeploymentPostprocessing = 0;
		};
/* End PBXFrameworksBuildPhase section */

/* Begin PBXGroup section */
		63641AA2288A7B1500E995F1 = {
			isa = PBXGroup;
			children = (
				63641AAD288A7B1500E995F1 /* Tamagotchi */,
				63641AAC288A7B1500E995F1 /* Products */,
			);
			sourceTree = "<group>";
		};
		63641AAC288A7B1500E995F1 /* Products */ = {
			isa = PBXGroup;
			children = (
				63641AAB288A7B1500E995F1 /* Tamagotchi.app */,
			);
			name = Products;
			sourceTree = "<group>";
		};
		63641AAD288A7B1500E995F1 /* Tamagotchi */ = {
			isa = PBXGroup;
			children = (
				63641AAE288A7B1500E995F1 /* AppDelegate.swift */,
				63641AB0288A7B1500E995F1 /* SceneDelegate.swift */,
				63641AB2288A7B1500E995F1 /* ViewController.swift */,
				63641AB4288A7B1500E995F1 /* Main.storyboard */,
				63D1B47A288BAF4600E19915 /* Story.swift */,
				63641AC7288A858700E995F1 /* PopUp */,
				63641AD0288A861600E995F1 /* Setting */,
				63641ADD288ABB9400E995F1 /* Extension */,
				63641AB7288A7B1700E995F1 /* Assets.xcassets */,
				63641AB9288A7B1700E995F1 /* LaunchScreen.storyboard */,
				63641ABC288A7B1700E995F1 /* Info.plist */,
			);
			path = Tamagotchi;
			sourceTree = "<group>";
		};
		63641AC4288A856F00E995F1 /* Select */ = {
			isa = PBXGroup;
			children = (
				63641AC2288A856900E995F1 /* Select.storyboard */,
				63641AC8288A85BA00E995F1 /* SelectCollectionViewController.swift */,
				63641ACA288A85C500E995F1 /* SelectCollectionViewCell.swift */,
				63641AD9288AA5FE00E995F1 /* SelectChange.swift */,
				63641ADB288AA64000E995F1 /* SelectChangeInfo.swift */,
			);
			path = Select;
			sourceTree = "<group>";
		};
		63641AC7288A858700E995F1 /* PopUp */ = {
			isa = PBXGroup;
			children = (
				63641AC5288A858200E995F1 /* PopUp.storyboard */,
				63641ACC288A85DA00E995F1 /* PopUpViewController.swift */,
				63641AC4288A856F00E995F1 /* Select */,
			);
			path = PopUp;
			sourceTree = "<group>";
		};
		63641AD0288A861600E995F1 /* Setting */ = {
			isa = PBXGroup;
			children = (
				63641ACE288A861200E995F1 /* Setting.storyboard */,
				63641AD1288A862C00E995F1 /* SettingTableViewController.swift */,
				63641AD3288A863900E995F1 /* SettingTableViewCell.swift */,
				6357FD17288D3AE100F1E0AD /* NameChangeViewController.swift */,
			);
			path = Setting;
			sourceTree = "<group>";
		};
		63641ADD288ABB9400E995F1 /* Extension */ = {
			isa = PBXGroup;
			children = (
				63641ADE288ABBC800E995F1 /* UIButton+Extension.swift */,
				63D1B47E288BD58100E19915 /* UITextField+Extension.swift */,
				63641AE0288ABBDD00E995F1 /* UILabel+Extension.swift */,
				63641AE2288ABC6600E995F1 /* UIView+Extension.swift */,
				6357FD19288D752700F1E0AD /* UIViewController+Extension.swift */,
			);
			path = Extension;
			sourceTree = "<group>";
		};
/* End PBXGroup section */

/* Begin PBXNativeTarget section */
		63641AAA288A7B1500E995F1 /* Tamagotchi */ = {
			isa = PBXNativeTarget;
			buildConfigurationList = 63641ABF288A7B1700E995F1 /* Build configuration list for PBXNativeTarget "Tamagotchi" */;
			buildPhases = (
				63641AA7288A7B1500E995F1 /* Sources */,
				63641AA8288A7B1500E995F1 /* Frameworks */,
				63641AA9288A7B1500E995F1 /* Resources */,
			);
			buildRules = (
			);
			dependencies = (
			);
			name = Tamagotchi;
			packageProductDependencies = (
				63E573A5288AF2E100EB1905 /* Toast */,
			);
			productName = Tamagotchi;
			productReference = 63641AAB288A7B1500E995F1 /* Tamagotchi.app */;
			productType = "com.apple.product-type.application";
		};
/* End PBXNativeTarget section */

/* Begin PBXProject section */
		63641AA3288A7B1500E995F1 /* Project object */ = {
			isa = PBXProject;
			attributes = {
				BuildIndependentTargetsInParallel = 1;
				LastSwiftUpdateCheck = 1340;
				LastUpgradeCheck = 1340;
				TargetAttributes = {
					63641AAA288A7B1500E995F1 = {
						CreatedOnToolsVersion = 13.4.1;
					};
				};
			};
			buildConfigurationList = 63641AA6288A7B1500E995F1 /* Build configuration list for PBXProject "Tamagotchi" */;
			compatibilityVersion = "Xcode 13.0";
			developmentRegion = en;
			hasScannedForEncodings = 0;
			knownRegions = (
				en,
				Base,
			);
			mainGroup = 63641AA2288A7B1500E995F1;
			packageReferences = (
				63E573A4288AF2E100EB1905 /* XCRemoteSwiftPackageReference "Toast-Swift" */,
			);
			productRefGroup = 63641AAC288A7B1500E995F1 /* Products */;
			projectDirPath = "";
			projectRoot = "";
			targets = (
				63641AAA288A7B1500E995F1 /* Tamagotchi */,
			);
		};
/* End PBXProject section */

/* Begin PBXResourcesBuildPhase section */
		63641AA9288A7B1500E995F1 /* Resources */ = {
			isa = PBXResourcesBuildPhase;
			buildActionMask = 2147483647;
			files = (
				63641AC3288A856900E995F1 /* Select.storyboard in Resources */,
				63641ABB288A7B1700E995F1 /* LaunchScreen.storyboard in Resources */,
				63641AB8288A7B1700E995F1 /* Assets.xcassets in Resources */,
				63641AB6288A7B1500E995F1 /* Main.storyboard in Resources */,
				63641AC6288A858200E995F1 /* PopUp.storyboard in Resources */,
				63641ACF288A861200E995F1 /* Setting.storyboard in Resources */,
			);
			runOnlyForDeploymentPostprocessing = 0;
		};
/* End PBXResourcesBuildPhase section */

/* Begin PBXSourcesBuildPhase section */
		63641AA7288A7B1500E995F1 /* Sources */ = {
			isa = PBXSourcesBuildPhase;
			buildActionMask = 2147483647;
			files = (
				63D1B47F288BD58100E19915 /* UITextField+Extension.swift in Sources */,
				63641AD2288A862C00E995F1 /* SettingTableViewController.swift in Sources */,
				63641AE3288ABC6600E995F1 /* UIView+Extension.swift in Sources */,
				63641ACB288A85C500E995F1 /* SelectCollectionViewCell.swift in Sources */,
				6357FD1A288D752700F1E0AD /* UIViewController+Extension.swift in Sources */,
				63641ACD288A85DA00E995F1 /* PopUpViewController.swift in Sources */,
				63641ADF288ABBC800E995F1 /* UIButton+Extension.swift in Sources */,
				63641AB3288A7B1500E995F1 /* ViewController.swift in Sources */,
				63641AAF288A7B1500E995F1 /* AppDelegate.swift in Sources */,
				63D1B47B288BAF4600E19915 /* Story.swift in Sources */,
				63641ADA288AA5FE00E995F1 /* SelectChange.swift in Sources */,
				63641AC9288A85BA00E995F1 /* SelectCollectionViewController.swift in Sources */,
				63641AE1288ABBDE00E995F1 /* UILabel+Extension.swift in Sources */,
				63641ADC288AA64000E995F1 /* SelectChangeInfo.swift in Sources */,
				63641AD4288A863900E995F1 /* SettingTableViewCell.swift in Sources */,
				63641AB1288A7B1500E995F1 /* SceneDelegate.swift in Sources */,
				6357FD18288D3AE100F1E0AD /* NameChangeViewController.swift in Sources */,
			);
			runOnlyForDeploymentPostprocessing = 0;
		};
/* End PBXSourcesBuildPhase section */

/* Begin PBXVariantGroup section */
		63641AB4288A7B1500E995F1 /* Main.storyboard */ = {
			isa = PBXVariantGroup;
			children = (
				63641AB5288A7B1500E995F1 /* Base */,
			);
			name = Main.storyboard;
			sourceTree = "<group>";
		};
		63641AB9288A7B1700E995F1 /* LaunchScreen.storyboard */ = {
			isa = PBXVariantGroup;
			children = (
				63641ABA288A7B1700E995F1 /* Base */,
			);
			name = LaunchScreen.storyboard;
			sourceTree = "<group>";
		};
/* End PBXVariantGroup section */

/* Begin XCBuildConfiguration section */
		63641ABD288A7B1700E995F1 /* Debug */ = {
			isa = XCBuildConfiguration;
			buildSettings = {
				ALWAYS_SEARCH_USER_PATHS = NO;
				CLANG_ANALYZER_NONNULL = YES;
				CLANG_ANALYZER_NUMBER_OBJECT_CONVERSION = YES_AGGRESSIVE;
				CLANG_CXX_LANGUAGE_STANDARD = "gnu++17";
				CLANG_ENABLE_MODULES = YES;
				CLANG_ENABLE_OBJC_ARC = YES;
				CLANG_ENABLE_OBJC_WEAK = YES;
				CLANG_WARN_BLOCK_CAPTURE_AUTORELEASING = YES;
				CLANG_WARN_BOOL_CONVERSION = YES;
				CLANG_WARN_COMMA = YES;
				CLANG_WARN_CONSTANT_CONVERSION = YES;
				CLANG_WARN_DEPRECATED_OBJC_IMPLEMENTATIONS = YES;
				CLANG_WARN_DIRECT_OBJC_ISA_USAGE = YES_ERROR;
				CLANG_WARN_DOCUMENTATION_COMMENTS = YES;
				CLANG_WARN_EMPTY_BODY = YES;
				CLANG_WARN_ENUM_CONVERSION = YES;
				CLANG_WARN_INFINITE_RECURSION = YES;
				CLANG_WARN_INT_CONVERSION = YES;
				CLANG_WARN_NON_LITERAL_NULL_CONVERSION = YES;
				CLANG_WARN_OBJC_IMPLICIT_RETAIN_SELF = YES;
				CLANG_WARN_OBJC_LITERAL_CONVERSION = YES;
				CLANG_WARN_OBJC_ROOT_CLASS = YES_ERROR;
				CLANG_WARN_QUOTED_INCLUDE_IN_FRAMEWORK_HEADER = YES;
				CLANG_WARN_RANGE_LOOP_ANALYSIS = YES;
				CLANG_WARN_STRICT_PROTOTYPES = YES;
				CLANG_WARN_SUSPICIOUS_MOVE = YES;
				CLANG_WARN_UNGUARDED_AVAILABILITY = YES_AGGRESSIVE;
				CLANG_WARN_UNREACHABLE_CODE = YES;
				CLANG_WARN__DUPLICATE_METHOD_MATCH = YES;
				COPY_PHASE_STRIP = NO;
				DEBUG_INFORMATION_FORMAT = dwarf;
				ENABLE_STRICT_OBJC_MSGSEND = YES;
				ENABLE_TESTABILITY = YES;
				GCC_C_LANGUAGE_STANDARD = gnu11;
				GCC_DYNAMIC_NO_PIC = NO;
				GCC_NO_COMMON_BLOCKS = YES;
				GCC_OPTIMIZATION_LEVEL = 0;
				GCC_PREPROCESSOR_DEFINITIONS = (
					"DEBUG=1",
					"$(inherited)",
				);
				GCC_WARN_64_TO_32_BIT_CONVERSION = YES;
				GCC_WARN_ABOUT_RETURN_TYPE = YES_ERROR;
				GCC_WARN_UNDECLARED_SELECTOR = YES;
				GCC_WARN_UNINITIALIZED_AUTOS = YES_AGGRESSIVE;
				GCC_WARN_UNUSED_FUNCTION = YES;
				GCC_WARN_UNUSED_VARIABLE = YES;
				IPHONEOS_DEPLOYMENT_TARGET = 15.5;
				MTL_ENABLE_DEBUG_INFO = INCLUDE_SOURCE;
				MTL_FAST_MATH = YES;
				ONLY_ACTIVE_ARCH = YES;
				SDKROOT = iphoneos;
				SWIFT_ACTIVE_COMPILATION_CONDITIONS = DEBUG;
				SWIFT_OPTIMIZATION_LEVEL = "-Onone";
			};
			name = Debug;
		};
		63641ABE288A7B1700E995F1 /* Release */ = {
			isa = XCBuildConfiguration;
			buildSettings = {
				ALWAYS_SEARCH_USER_PATHS = NO;
				CLANG_ANALYZER_NONNULL = YES;
				CLANG_ANALYZER_NUMBER_OBJECT_CONVERSION = YES_AGGRESSIVE;
				CLANG_CXX_LANGUAGE_STANDARD = "gnu++17";
				CLANG_ENABLE_MODULES = YES;
				CLANG_ENABLE_OBJC_ARC = YES;
				CLANG_ENABLE_OBJC_WEAK = YES;
				CLANG_WARN_BLOCK_CAPTURE_AUTORELEASING = YES;
				CLANG_WARN_BOOL_CONVERSION = YES;
				CLANG_WARN_COMMA = YES;
				CLANG_WARN_CONSTANT_CONVERSION = YES;
				CLANG_WARN_DEPRECATED_OBJC_IMPLEMENTATIONS = YES;
				CLANG_WARN_DIRECT_OBJC_ISA_USAGE = YES_ERROR;
				CLANG_WARN_DOCUMENTATION_COMMENTS = YES;
				CLANG_WARN_EMPTY_BODY = YES;
				CLANG_WARN_ENUM_CONVERSION = YES;
				CLANG_WARN_INFINITE_RECURSION = YES;
				CLANG_WARN_INT_CONVERSION = YES;
				CLANG_WARN_NON_LITERAL_NULL_CONVERSION = YES;
				CLANG_WARN_OBJC_IMPLICIT_RETAIN_SELF = YES;
				CLANG_WARN_OBJC_LITERAL_CONVERSION = YES;
				CLANG_WARN_OBJC_ROOT_CLASS = YES_ERROR;
				CLANG_WARN_QUOTED_INCLUDE_IN_FRAMEWORK_HEADER = YES;
				CLANG_WARN_RANGE_LOOP_ANALYSIS = YES;
				CLANG_WARN_STRICT_PROTOTYPES = YES;
				CLANG_WARN_SUSPICIOUS_MOVE = YES;
				CLANG_WARN_UNGUARDED_AVAILABILITY = YES_AGGRESSIVE;
				CLANG_WARN_UNREACHABLE_CODE = YES;
				CLANG_WARN__DUPLICATE_METHOD_MATCH = YES;
				COPY_PHASE_STRIP = NO;
				DEBUG_INFORMATION_FORMAT = "dwarf-with-dsym";
				ENABLE_NS_ASSERTIONS = NO;
				ENABLE_STRICT_OBJC_MSGSEND = YES;
				GCC_C_LANGUAGE_STANDARD = gnu11;
				GCC_NO_COMMON_BLOCKS = YES;
				GCC_WARN_64_TO_32_BIT_CONVERSION = YES;
				GCC_WARN_ABOUT_RETURN_TYPE = YES_ERROR;
				GCC_WARN_UNDECLARED_SELECTOR = YES;
				GCC_WARN_UNINITIALIZED_AUTOS = YES_AGGRESSIVE;
				GCC_WARN_UNUSED_FUNCTION = YES;
				GCC_WARN_UNUSED_VARIABLE = YES;
				IPHONEOS_DEPLOYMENT_TARGET = 15.5;
				MTL_ENABLE_DEBUG_INFO = NO;
				MTL_FAST_MATH = YES;
				SDKROOT = iphoneos;
				SWIFT_COMPILATION_MODE = wholemodule;
				SWIFT_OPTIMIZATION_LEVEL = "-O";
				VALIDATE_PRODUCT = YES;
			};
			name = Release;
		};
		63641AC0288A7B1700E995F1 /* Debug */ = {
			isa = XCBuildConfiguration;
			buildSettings = {
				ASSETCATALOG_COMPILER_APPICON_NAME = AppIcon;
				ASSETCATALOG_COMPILER_GLOBAL_ACCENT_COLOR_NAME = AccentColor;
				CODE_SIGN_STYLE = Automatic;
				CURRENT_PROJECT_VERSION = 1;
				DEVELOPMENT_TEAM = QV329P6X5G;
				GENERATE_INFOPLIST_FILE = YES;
				INFOPLIST_FILE = Tamagotchi/Info.plist;
				INFOPLIST_KEY_UIApplicationSupportsIndirectInputEvents = YES;
				INFOPLIST_KEY_UILaunchStoryboardName = LaunchScreen;
				INFOPLIST_KEY_UIMainStoryboardFile = Main;
				INFOPLIST_KEY_UISupportedInterfaceOrientations = UIInterfaceOrientationPortrait;
				INFOPLIST_KEY_UISupportedInterfaceOrientations_iPad = "UIInterfaceOrientationPortrait UIInterfaceOrientationPortraitUpsideDown UIInterfaceOrientationLandscapeLeft UIInterfaceOrientationLandscapeRight";
				INFOPLIST_KEY_UISupportedInterfaceOrientations_iPhone = UIInterfaceOrientationPortrait;
				IPHONEOS_DEPLOYMENT_TARGET = 15.0;
				LD_RUNPATH_SEARCH_PATHS = (
					"$(inherited)",
					"@executable_path/Frameworks",
				);
				MARKETING_VERSION = 1.0;
				PRODUCT_BUNDLE_IDENTIFIER = com.jj.Tamagotchi;
				PRODUCT_NAME = "$(TARGET_NAME)";
				SWIFT_EMIT_LOC_STRINGS = YES;
				SWIFT_VERSION = 5.0;
				TARGETED_DEVICE_FAMILY = 1;
			};
			name = Debug;
		};
		63641AC1288A7B1700E995F1 /* Release */ = {
			isa = XCBuildConfiguration;
			buildSettings = {
				ASSETCATALOG_COMPILER_APPICON_NAME = AppIcon;
				ASSETCATALOG_COMPILER_GLOBAL_ACCENT_COLOR_NAME = AccentColor;
				CODE_SIGN_STYLE = Automatic;
				CURRENT_PROJECT_VERSION = 1;
				DEVELOPMENT_TEAM = QV329P6X5G;
				GENERATE_INFOPLIST_FILE = YES;
				INFOPLIST_FILE = Tamagotchi/Info.plist;
				INFOPLIST_KEY_UIApplicationSupportsIndirectInputEvents = YES;
				INFOPLIST_KEY_UILaunchStoryboardName = LaunchScreen;
				INFOPLIST_KEY_UIMainStoryboardFile = Main;
				INFOPLIST_KEY_UISupportedInterfaceOrientations = UIInterfaceOrientationPortrait;
				INFOPLIST_KEY_UISupportedInterfaceOrientations_iPad = "UIInterfaceOrientationPortrait UIInterfaceOrientationPortraitUpsideDown UIInterfaceOrientationLandscapeLeft UIInterfaceOrientationLandscapeRight";
				INFOPLIST_KEY_UISupportedInterfaceOrientations_iPhone = UIInterfaceOrientationPortrait;
				IPHONEOS_DEPLOYMENT_TARGET = 15.0;
				LD_RUNPATH_SEARCH_PATHS = (
					"$(inherited)",
					"@executable_path/Frameworks",
				);
				MARKETING_VERSION = 1.0;
				PRODUCT_BUNDLE_IDENTIFIER = com.jj.Tamagotchi;
				PRODUCT_NAME = "$(TARGET_NAME)";
				SWIFT_EMIT_LOC_STRINGS = YES;
				SWIFT_VERSION = 5.0;
				TARGETED_DEVICE_FAMILY = 1;
			};
			name = Release;
		};
/* End XCBuildConfiguration section */

/* Begin XCConfigurationList section */
		63641AA6288A7B1500E995F1 /* Build configuration list for PBXProject "Tamagotchi" */ = {
			isa = XCConfigurationList;
			buildConfigurations = (
				63641ABD288A7B1700E995F1 /* Debug */,
				63641ABE288A7B1700E995F1 /* Release */,
			);
			defaultConfigurationIsVisible = 0;
			defaultConfigurationName = Release;
		};
		63641ABF288A7B1700E995F1 /* Build configuration list for PBXNativeTarget "Tamagotchi" */ = {
			isa = XCConfigurationList;
			buildConfigurations = (
				63641AC0288A7B1700E995F1 /* Debug */,
				63641AC1288A7B1700E995F1 /* Release */,
			);
			defaultConfigurationIsVisible = 0;
			defaultConfigurationName = Release;
		};
/* End XCConfigurationList section */

/* Begin XCRemoteSwiftPackageReference section */
		63E573A4288AF2E100EB1905 /* XCRemoteSwiftPackageReference "Toast-Swift" */ = {
			isa = XCRemoteSwiftPackageReference;
			repositoryURL = "https://github.com/scalessec/Toast-Swift.git";
			requirement = {
				kind = upToNextMajorVersion;
				minimumVersion = 5.0.0;
			};
		};
/* End XCRemoteSwiftPackageReference section */

/* Begin XCSwiftPackageProductDependency section */
		63E573A5288AF2E100EB1905 /* Toast */ = {
			isa = XCSwiftPackageProductDependency;
			package = 63E573A4288AF2E100EB1905 /* XCRemoteSwiftPackageReference "Toast-Swift" */;
			productName = Toast;
		};
/* End XCSwiftPackageProductDependency section */
	};
	rootObject = 63641AA3288A7B1500E995F1 /* Project object */;
}
